
Microsoft Visual Studio Solution File, Format Version 12.00
# Visual Studio Version 17
VisualStudioVersion = 17.5.002.0
MinimumVisualStudioVersion = 10.0.40219.1
Project("{9A19103F-16F7-4668-BE54-9A1E7A4F7556}") = "Zelda", "Zelda.csproj", "{79850B15-D00C-43EB-89EF-008ACFB086EB}"
EndProject
Global
	GlobalSection(SolutionConfigurationPlatforms) = preSolution
		Debug|Any CPU = Debug|Any CPU
		Release|Any CPU = Release|Any CPU
	EndGlobalSection
	GlobalSection(ProjectConfigurationPlatforms) = postSolution
		{79850B15-D00C-43EB-89EF-008ACFB086EB}.Debug|Any CPU.ActiveCfg = Debug|Any CPU
		{79850B15-D00C-43EB-89EF-008ACFB086EB}.Debug|Any CPU.Build.0 = Debug|Any CPU
		{79850B15-D00C-43EB-89EF-008ACFB086EB}.Release|Any CPU.ActiveCfg = Release|Any CPU
		{79850B15-D00C-43EB-89EF-008ACFB086EB}.Release|Any CPU.Build.0 = Release|Any CPU
	EndGlobalSection
	GlobalSection(SolutionProperties) = preSolution
		HideSolutionNode = FALSE
	EndGlobalSection
	GlobalSection(ExtensibilityGlobals) = postSolution
		SolutionGuid = {893999CC-C187-4F6F-89E6-0D25D75F6D53}
	EndGlobalSection
EndGlobal
